
Microsoft Visual Studio Solution File, Format Version 12.00
# Visual Studio Version 17
VisualStudioVersion = 17.9.34701.34
MinimumVisualStudioVersion = 10.0.40219.1
Project("{FAE04EC0-301F-11D3-BF4B-00C04F79EFBC}") = "DockablePaneExample", "DockablePaneExample.csproj", "{E45A544C-DA4A-4DF6-8753-960C2306547C}"
EndProject
Global
	GlobalSection(SolutionConfigurationPlatforms) = preSolution
		Debug|Any CPU = Debug|Any CPU
		Release|Any CPU = Release|Any CPU
	EndGlobalSection
	GlobalSection(ProjectConfigurationPlatforms) = postSolution
		{E45A544C-DA4A-4DF6-8753-960C2306547C}.Debug|Any CPU.ActiveCfg = Debug|Any CPU
		{E45A544C-DA4A-4DF6-8753-960C2306547C}.Debug|Any CPU.Build.0 = Debug|Any CPU
		{E45A544C-DA4A-4DF6-8753-960C2306547C}.Release|Any CPU.ActiveCfg = Release|Any CPU
		{E45A544C-DA4A-4DF6-8753-960C2306547C}.Release|Any CPU.Build.0 = Release|Any CPU
	EndGlobalSection
	GlobalSection(SolutionProperties) = preSolution
		HideSolutionNode = FALSE
	EndGlobalSection
	GlobalSection(ExtensibilityGlobals) = postSolution
		SolutionGuid = {963A4DF5-35B2-4D2D-900B-3B50448D688B}
	EndGlobalSection
EndGlobal
